
Microsoft Visual Studio Solution File, Format Version 12.00
# Visual Studio Version 17
VisualStudioVersion = 17.1.32328.378
MinimumVisualStudioVersion = 10.0.40219.1
Project("{FAE04EC0-301F-11D3-BF4B-00C04F79EFBC}") = "EndToEndTestEdgewordsTraining_Bhawana", "EndToEndTestEdgewordsTraining_Bhawana\EndToEndTestEdgewordsTraining_Bhawana.csproj", "{E0E2E63D-77DA-48F6-835A-E2298F4E475A}"
EndProject
Global
	GlobalSection(SolutionConfigurationPlatforms) = preSolution
		Debug|Any CPU = Debug|Any CPU
		Release|Any CPU = Release|Any CPU
	EndGlobalSection
	GlobalSection(ProjectConfigurationPlatforms) = postSolution
		{E0E2E63D-77DA-48F6-835A-E2298F4E475A}.Debug|Any CPU.ActiveCfg = Debug|Any CPU
		{E0E2E63D-77DA-48F6-835A-E2298F4E475A}.Debug|Any CPU.Build.0 = Debug|Any CPU
		{E0E2E63D-77DA-48F6-835A-E2298F4E475A}.Release|Any CPU.ActiveCfg = Release|Any CPU
		{E0E2E63D-77DA-48F6-835A-E2298F4E475A}.Release|Any CPU.Build.0 = Release|Any CPU
	EndGlobalSection
	GlobalSection(SolutionProperties) = preSolution
		HideSolutionNode = FALSE
	EndGlobalSection
	GlobalSection(ExtensibilityGlobals) = postSolution
		SolutionGuid = {4898A40E-BEED-40BA-97C3-E48032BF302B}
	EndGlobalSection
EndGlobal
